
Microsoft Visual Studio Solution File, Format Version 12.00
# Visual Studio 2013
VisualStudioVersion = 12.0.40629.0
MinimumVisualStudioVersion = 10.0.40219.1
Project("{FAE04EC0-301F-11D3-BF4B-00C04F79EFBC}") = "digiorder_terminal", "digiorder_terminal\digiorder_terminal.csproj", "{B555E8B3-095F-498E-BC55-0497FAA03BD0}"
EndProject
Global
	GlobalSection(SolutionConfigurationPlatforms) = preSolution
		Debug|Any CPU = Debug|Any CPU
		Release|Any CPU = Release|Any CPU
	EndGlobalSection
	GlobalSection(ProjectConfigurationPlatforms) = postSolution
		{B555E8B3-095F-498E-BC55-0497FAA03BD0}.Debug|Any CPU.ActiveCfg = Debug|Any CPU
		{B555E8B3-095F-498E-BC55-0497FAA03BD0}.Debug|Any CPU.Build.0 = Debug|Any CPU
		{B555E8B3-095F-498E-BC55-0497FAA03BD0}.Release|Any CPU.ActiveCfg = Release|Any CPU
		{B555E8B3-095F-498E-BC55-0497FAA03BD0}.Release|Any CPU.Build.0 = Release|Any CPU
	EndGlobalSection
	GlobalSection(SolutionProperties) = preSolution
		HideSolutionNode = FALSE
	EndGlobalSection
EndGlobal
